
Microsoft Visual Studio Solution File, Format Version 12.00
# Visual Studio Version 16
VisualStudioVersion = 16.0.29728.190
MinimumVisualStudioVersion = 10.0.40219.1
Project("{FAE04EC0-301F-11D3-BF4B-00C04F79EFBC}") = "ToolRanderMapperRowJAVA", "ToolRanderMapperRowJAVA\ToolRanderMapperRowJAVA.csproj", "{C7FE4DE9-8A2D-4925-8A3C-071A519D3CBA}"
EndProject
Global
	GlobalSection(SolutionConfigurationPlatforms) = preSolution
		Debug|Any CPU = Debug|Any CPU
		Release|Any CPU = Release|Any CPU
	EndGlobalSection
	GlobalSection(ProjectConfigurationPlatforms) = postSolution
		{C7FE4DE9-8A2D-4925-8A3C-071A519D3CBA}.Debug|Any CPU.ActiveCfg = Debug|Any CPU
		{C7FE4DE9-8A2D-4925-8A3C-071A519D3CBA}.Debug|Any CPU.Build.0 = Debug|Any CPU
		{C7FE4DE9-8A2D-4925-8A3C-071A519D3CBA}.Release|Any CPU.ActiveCfg = Release|Any CPU
		{C7FE4DE9-8A2D-4925-8A3C-071A519D3CBA}.Release|Any CPU.Build.0 = Release|Any CPU
	EndGlobalSection
	GlobalSection(SolutionProperties) = preSolution
		HideSolutionNode = FALSE
	EndGlobalSection
	GlobalSection(ExtensibilityGlobals) = postSolution
		SolutionGuid = {C7870168-B36D-41F9-99D9-ECE8855D42F8}
	EndGlobalSection
EndGlobal
